speakeasyVersion: 1.768.2
sources:
    Comp AI API:
        sourceNamespace: comp-ai-api
        sourceRevisionDigest: sha256:505c4b272fd66edfadea5b010e897eaa07098048f8174d0c80bf640b754afc3a
        sourceBlobDigest: sha256:130943170eeb45cc5295592f611b06548f5d785d0b7fea29059f8e975c75bc3d
        tags:
            - latest
            - "1.0"
targets:
    comp-ai:
        source: Comp AI API
        sourceNamespace: comp-ai-api
        sourceRevisionDigest: sha256:505c4b272fd66edfadea5b010e897eaa07098048f8174d0c80bf640b754afc3a
        sourceBlobDigest: sha256:130943170eeb45cc5295592f611b06548f5d785d0b7fea29059f8e975c75bc3d
workflow:
    workflowVersion: 1.0.0
    speakeasyVersion: latest
    sources:
        Comp AI API:
            inputs:
                - location: ../../packages/docs/openapi.json
            overlays:
                - location: ./.speakeasy/mcp-uploads-overlay.yaml
            output: .speakeasy/out.openapi.yaml
            registry:
                location: registry.speakeasyapi.dev/comp-ai-ntv/comp-ai/comp-ai-api
    targets:
        comp-ai:
            target: mcp-typescript
            source: Comp AI API
            publish:
                npm:
                    token: $npm_token
