speakeasyVersion: 1.790.2
sources:
    Comp AI API:
        sourceNamespace: comp-ai-api
        sourceRevisionDigest: sha256:089adaac5b23d8ae8fa3e6e45c03e8a85db9aa97b33a6680e8c052847b20b3dd
        sourceBlobDigest: sha256:a226d51f75650d11a488aab15dec345fcebcd840c12fbcb10f0c544492b2f42e
        tags:
            - latest
            - "1.0"
targets:
    comp-ai:
        source: Comp AI API
        sourceNamespace: comp-ai-api
        sourceRevisionDigest: sha256:089adaac5b23d8ae8fa3e6e45c03e8a85db9aa97b33a6680e8c052847b20b3dd
        sourceBlobDigest: sha256:a226d51f75650d11a488aab15dec345fcebcd840c12fbcb10f0c544492b2f42e
workflow:
    workflowVersion: 1.0.0
    speakeasyVersion: latest
    sources:
        Comp AI API:
            inputs:
                - location: ../../packages/docs/openapi.json
            overlays:
                - location: ./.speakeasy/mcp-uploads-overlay.yaml
            output: .speakeasy/out.openapi.yaml
            registry:
                location: registry.speakeasyapi.dev/comp-ai-ntv/comp-ai/comp-ai-api
    targets:
        comp-ai:
            target: mcp-typescript
            source: Comp AI API
            publish:
                npm:
                    token: $npm_token
